
Microsoft Visual Studio Solution File, Format Version 12.00
# Visual Studio Version 16
VisualStudioVersion = 16.0.31624.102
MinimumVisualStudioVersion = 10.0.40219.1
Project("{8BC9CEB8-8B4A-11D0-8D11-00A0C91BC942}") = "[7주차] 실습", "[7주차] 실습\[7주차] 실습.vcxproj", "{D29CDADB-2E10-4BA7-A088-A814272787BA}"
EndProject
Global
	GlobalSection(SolutionConfigurationPlatforms) = preSolution
		Debug|x64 = Debug|x64
		Debug|x86 = Debug|x86
		Release|x64 = Release|x64
		Release|x86 = Release|x86
	EndGlobalSection
	GlobalSection(ProjectConfigurationPlatforms) = postSolution
		{D29CDADB-2E10-4BA7-A088-A814272787BA}.Debug|x64.ActiveCfg = Debug|x64
		{D29CDADB-2E10-4BA7-A088-A814272787BA}.Debug|x64.Build.0 = Debug|x64
		{D29CDADB-2E10-4BA7-A088-A814272787BA}.Debug|x86.ActiveCfg = Debug|Win32
		{D29CDADB-2E10-4BA7-A088-A814272787BA}.Debug|x86.Build.0 = Debug|Win32
		{D29CDADB-2E10-4BA7-A088-A814272787BA}.Release|x64.ActiveCfg = Release|x64
		{D29CDADB-2E10-4BA7-A088-A814272787BA}.Release|x64.Build.0 = Release|x64
		{D29CDADB-2E10-4BA7-A088-A814272787BA}.Release|x86.ActiveCfg = Release|Win32
		{D29CDADB-2E10-4BA7-A088-A814272787BA}.Release|x86.Build.0 = Release|Win32
	EndGlobalSection
	GlobalSection(SolutionProperties) = preSolution
		HideSolutionNode = FALSE
	EndGlobalSection
	GlobalSection(ExtensibilityGlobals) = postSolution
		SolutionGuid = {8AFF56D7-C443-4F44-9E0F-08AAB996822A}
	EndGlobalSection
EndGlobal
